
Microsoft Visual Studio Solution File, Format Version 12.00
# Visual Studio Version 17
VisualStudioVersion = 17.5.002.0
MinimumVisualStudioVersion = 10.0.40219.1
Project("{FAE04EC0-301F-11D3-BF4B-00C04F79EFBC}") = "AITravelAgentUsingGithubModelAndSemanticKernelSDK", "AITravelAgentUsingGithubModelAndSemanticKernelSDK.csproj", "{DD612C38-2A7D-44E1-94FA-B91529EFE42D}"
EndProject
Global
	GlobalSection(SolutionConfigurationPlatforms) = preSolution
		Debug|Any CPU = Debug|Any CPU
		Release|Any CPU = Release|Any CPU
	EndGlobalSection
	GlobalSection(ProjectConfigurationPlatforms) = postSolution
		{DD612C38-2A7D-44E1-94FA-B91529EFE42D}.Debug|Any CPU.ActiveCfg = Debug|Any CPU
		{DD612C38-2A7D-44E1-94FA-B91529EFE42D}.Debug|Any CPU.Build.0 = Debug|Any CPU
		{DD612C38-2A7D-44E1-94FA-B91529EFE42D}.Release|Any CPU.ActiveCfg = Release|Any CPU
		{DD612C38-2A7D-44E1-94FA-B91529EFE42D}.Release|Any CPU.Build.0 = Release|Any CPU
	EndGlobalSection
	GlobalSection(SolutionProperties) = preSolution
		HideSolutionNode = FALSE
	EndGlobalSection
	GlobalSection(ExtensibilityGlobals) = postSolution
		SolutionGuid = {14D14C44-7096-4A81-9CDF-ABB5A7FE842C}
	EndGlobalSection
EndGlobal
